
Microsoft Visual Studio Solution File, Format Version 12.00
# Visual Studio Version 17
VisualStudioVersion = 17.8.34322.80
MinimumVisualStudioVersion = 10.0.40219.1
Project("{9A19103F-16F7-4668-BE54-9A1E7A4F7556}") = "PayXpert", "PayXpert.csproj", "{FBF6020B-46D8-4B43-8D5A-7D03AC8AD149}"
EndProject
Project("{FAE04EC0-301F-11D3-BF4B-00C04F79EFBC}") = "PayXpert_Test", "..\PayXpert_Test\PayXpert_Test.csproj", "{2E68909F-6633-4992-8694-B1D2EDA1B679}"
EndProject
Global
	GlobalSection(SolutionConfigurationPlatforms) = preSolution
		Debug|Any CPU = Debug|Any CPU
		Release|Any CPU = Release|Any CPU
	EndGlobalSection
	GlobalSection(ProjectConfigurationPlatforms) = postSolution
		{FBF6020B-46D8-4B43-8D5A-7D03AC8AD149}.Debug|Any CPU.ActiveCfg = Debug|Any CPU
		{FBF6020B-46D8-4B43-8D5A-7D03AC8AD149}.Debug|Any CPU.Build.0 = Debug|Any CPU
		{FBF6020B-46D8-4B43-8D5A-7D03AC8AD149}.Release|Any CPU.ActiveCfg = Release|Any CPU
		{FBF6020B-46D8-4B43-8D5A-7D03AC8AD149}.Release|Any CPU.Build.0 = Release|Any CPU
		{2E68909F-6633-4992-8694-B1D2EDA1B679}.Debug|Any CPU.ActiveCfg = Debug|Any CPU
		{2E68909F-6633-4992-8694-B1D2EDA1B679}.Debug|Any CPU.Build.0 = Debug|Any CPU
		{2E68909F-6633-4992-8694-B1D2EDA1B679}.Release|Any CPU.ActiveCfg = Release|Any CPU
		{2E68909F-6633-4992-8694-B1D2EDA1B679}.Release|Any CPU.Build.0 = Release|Any CPU
	EndGlobalSection
	GlobalSection(SolutionProperties) = preSolution
		HideSolutionNode = FALSE
	EndGlobalSection
	GlobalSection(ExtensibilityGlobals) = postSolution
		SolutionGuid = {E68E3E53-2864-4C8C-8963-9360C1F77D3D}
	EndGlobalSection
EndGlobal
